
Microsoft Visual Studio Solution File, Format Version 12.00
# Visual Studio Version 17
VisualStudioVersion = 17.8.34309.116
MinimumVisualStudioVersion = 10.0.40219.1
Project("{FAE04EC0-301F-11D3-BF4B-00C04F79EFBC}") = "WinFormsBasic", "WinFormsBasic\WinFormsBasic.csproj", "{2083F385-9FD1-4E51-AD01-83D0BE93D3CA}"
EndProject
Global
	GlobalSection(SolutionConfigurationPlatforms) = preSolution
		Debug|Any CPU = Debug|Any CPU
		Release|Any CPU = Release|Any CPU
	EndGlobalSection
	GlobalSection(ProjectConfigurationPlatforms) = postSolution
		{2083F385-9FD1-4E51-AD01-83D0BE93D3CA}.Debug|Any CPU.ActiveCfg = Debug|Any CPU
		{2083F385-9FD1-4E51-AD01-83D0BE93D3CA}.Debug|Any CPU.Build.0 = Debug|Any CPU
		{2083F385-9FD1-4E51-AD01-83D0BE93D3CA}.Release|Any CPU.ActiveCfg = Release|Any CPU
		{2083F385-9FD1-4E51-AD01-83D0BE93D3CA}.Release|Any CPU.Build.0 = Release|Any CPU
	EndGlobalSection
	GlobalSection(SolutionProperties) = preSolution
		HideSolutionNode = FALSE
	EndGlobalSection
	GlobalSection(ExtensibilityGlobals) = postSolution
		SolutionGuid = {0C07C769-64F1-43BB-A716-221B4DA33808}
	EndGlobalSection
EndGlobal
