
Microsoft Visual Studio Solution File, Format Version 12.00
# Visual Studio Version 17
VisualStudioVersion = 17.8.34309.116
MinimumVisualStudioVersion = 10.0.40219.1
Project("{9A19103F-16F7-4668-BE54-9A1E7A4F7556}") = "ViDuMang", "ViDuMang\ViDuMang.csproj", "{E0922EC0-F95B-456E-A0AA-78B3DFB84CEB}"
EndProject
Project("{9A19103F-16F7-4668-BE54-9A1E7A4F7556}") = "Lab01_BT03_Mang", "Lab01_BT03_Mang\Lab01_BT03_Mang.csproj", "{E9BA1160-47F9-46A0-BBE3-1E0ABACF30E0}"
EndProject
Project("{FAE04EC0-301F-11D3-BF4B-00C04F79EFBC}") = "DemoMethod", "DemoMethod\DemoMethod.csproj", "{B8676FBD-AD9A-4BAB-880E-81B83577DDBB}"
EndProject
Project("{FAE04EC0-301F-11D3-BF4B-00C04F79EFBC}") = "DemoDefaultParameter", "DemoDefaultParameter\DemoDefaultParameter.csproj", "{51A89664-3566-4436-B173-C73098811854}"
EndProject
Project("{FAE04EC0-301F-11D3-BF4B-00C04F79EFBC}") = "BangCuuChuong", "BangCuuChuong\BangCuuChuong.csproj", "{7BF290B9-D093-46CA-AB8F-07A0F5651C0C}"
EndProject
Project("{FAE04EC0-301F-11D3-BF4B-00C04F79EFBC}") = "Vietlott", "Vietlott\Vietlott.csproj", "{1284E40F-CE0C-458B-996C-5537F7B18C5F}"
EndProject
Global
	GlobalSection(SolutionConfigurationPlatforms) = preSolution
		Debug|Any CPU = Debug|Any CPU
		Release|Any CPU = Release|Any CPU
	EndGlobalSection
	GlobalSection(ProjectConfigurationPlatforms) = postSolution
		{E0922EC0-F95B-456E-A0AA-78B3DFB84CEB}.Debug|Any CPU.ActiveCfg = Debug|Any CPU
		{E0922EC0-F95B-456E-A0AA-78B3DFB84CEB}.Debug|Any CPU.Build.0 = Debug|Any CPU
		{E0922EC0-F95B-456E-A0AA-78B3DFB84CEB}.Release|Any CPU.ActiveCfg = Release|Any CPU
		{E0922EC0-F95B-456E-A0AA-78B3DFB84CEB}.Release|Any CPU.Build.0 = Release|Any CPU
		{E9BA1160-47F9-46A0-BBE3-1E0ABACF30E0}.Debug|Any CPU.ActiveCfg = Debug|Any CPU
		{E9BA1160-47F9-46A0-BBE3-1E0ABACF30E0}.Debug|Any CPU.Build.0 = Debug|Any CPU
		{E9BA1160-47F9-46A0-BBE3-1E0ABACF30E0}.Release|Any CPU.ActiveCfg = Release|Any CPU
		{E9BA1160-47F9-46A0-BBE3-1E0ABACF30E0}.Release|Any CPU.Build.0 = Release|Any CPU
		{B8676FBD-AD9A-4BAB-880E-81B83577DDBB}.Debug|Any CPU.ActiveCfg = Debug|Any CPU
		{B8676FBD-AD9A-4BAB-880E-81B83577DDBB}.Debug|Any CPU.Build.0 = Debug|Any CPU
		{B8676FBD-AD9A-4BAB-880E-81B83577DDBB}.Release|Any CPU.ActiveCfg = Release|Any CPU
		{B8676FBD-AD9A-4BAB-880E-81B83577DDBB}.Release|Any CPU.Build.0 = Release|Any CPU
		{51A89664-3566-4436-B173-C73098811854}.Debug|Any CPU.ActiveCfg = Debug|Any CPU
		{51A89664-3566-4436-B173-C73098811854}.Debug|Any CPU.Build.0 = Debug|Any CPU
		{51A89664-3566-4436-B173-C73098811854}.Release|Any CPU.ActiveCfg = Release|Any CPU
		{51A89664-3566-4436-B173-C73098811854}.Release|Any CPU.Build.0 = Release|Any CPU
		{7BF290B9-D093-46CA-AB8F-07A0F5651C0C}.Debug|Any CPU.ActiveCfg = Debug|Any CPU
		{7BF290B9-D093-46CA-AB8F-07A0F5651C0C}.Debug|Any CPU.Build.0 = Debug|Any CPU
		{7BF290B9-D093-46CA-AB8F-07A0F5651C0C}.Release|Any CPU.ActiveCfg = Release|Any CPU
		{7BF290B9-D093-46CA-AB8F-07A0F5651C0C}.Release|Any CPU.Build.0 = Release|Any CPU
		{1284E40F-CE0C-458B-996C-5537F7B18C5F}.Debug|Any CPU.ActiveCfg = Debug|Any CPU
		{1284E40F-CE0C-458B-996C-5537F7B18C5F}.Debug|Any CPU.Build.0 = Debug|Any CPU
		{1284E40F-CE0C-458B-996C-5537F7B18C5F}.Release|Any CPU.ActiveCfg = Release|Any CPU
		{1284E40F-CE0C-458B-996C-5537F7B18C5F}.Release|Any CPU.Build.0 = Release|Any CPU
	EndGlobalSection
	GlobalSection(SolutionProperties) = preSolution
		HideSolutionNode = FALSE
	EndGlobalSection
	GlobalSection(ExtensibilityGlobals) = postSolution
		SolutionGuid = {93DFE579-81EF-42A0-AADB-82A083AA3B46}
	EndGlobalSection
EndGlobal
