
Microsoft Visual Studio Solution File, Format Version 12.00
# Visual Studio Version 17
VisualStudioVersion = 17.8.34309.116
MinimumVisualStudioVersion = 10.0.40219.1
Project("{FAE04EC0-301F-11D3-BF4B-00C04F79EFBC}") = "Lab03BT01", "Lab03BT01\Lab03BT01.csproj", "{856ACE53-4BE2-43BF-8195-50AC0983CE40}"
EndProject
Global
	GlobalSection(SolutionConfigurationPlatforms) = preSolution
		Debug|Any CPU = Debug|Any CPU
		Release|Any CPU = Release|Any CPU
	EndGlobalSection
	GlobalSection(ProjectConfigurationPlatforms) = postSolution
		{856ACE53-4BE2-43BF-8195-50AC0983CE40}.Debug|Any CPU.ActiveCfg = Debug|Any CPU
		{856ACE53-4BE2-43BF-8195-50AC0983CE40}.Debug|Any CPU.Build.0 = Debug|Any CPU
		{856ACE53-4BE2-43BF-8195-50AC0983CE40}.Release|Any CPU.ActiveCfg = Release|Any CPU
		{856ACE53-4BE2-43BF-8195-50AC0983CE40}.Release|Any CPU.Build.0 = Release|Any CPU
	EndGlobalSection
	GlobalSection(SolutionProperties) = preSolution
		HideSolutionNode = FALSE
	EndGlobalSection
	GlobalSection(ExtensibilityGlobals) = postSolution
		SolutionGuid = {E8656909-3691-4814-B156-B08492DB94D2}
	EndGlobalSection
EndGlobal
